// !$*UTF8*$!
{
	archiveVersion = 1;
	classes = {
	};
	objectVersion = 56;
	objects = {

/* Begin PBXBuildFile section */
		A1C3CBE729B423AD000DE804 /* BullseyeApp.swift in Sources */ = {isa = PBXBuildFile; fileRef = A1C3CBE629B423AD000DE804 /* BullseyeApp.swift */; };
		A1C3CBE929B423AD000DE804 /* ContentView.swift in Sources */ = {isa = PBXBuildFile; fileRef = A1C3CBE829B423AD000DE804 /* ContentView.swift */; };
		A1C3CBEB29B423AE000DE804 /* Assets.xcassets in Resources */ = {isa = PBXBuildFile; fileRef = A1C3CBEA29B423AE000DE804 /* Assets.xcassets */; };
		A1C3CBEE29B423AE000DE804 /* Preview Assets.xcassets in Resources */ = {isa = PBXBuildFile; fileRef = A1C3CBED29B423AE000DE804 /* Preview Assets.xcassets */; };
		A1C3CBF829B55E7A000DE804 /* Game.swift in Sources */ = {isa = PBXBuildFile; fileRef = A1C3CBF729B55E7A000DE804 /* Game.swift */; };
		A1C3CC0029B58A8F000DE804 /* BullseyeTests.swift in Sources */ = {isa = PBXBuildFile; fileRef = A1C3CBFF29B58A8F000DE804 /* BullseyeTests.swift */; };
		A1C3CC0729B6CDE7000DE804 /* TextViews.swift in Sources */ = {isa = PBXBuildFile; fileRef = A1C3CC0629B6CDE7000DE804 /* TextViews.swift */; };
		A1C3CC0929B6E284000DE804 /* RoundedViews.swift in Sources */ = {isa = PBXBuildFile; fileRef = A1C3CC0829B6E284000DE804 /* RoundedViews.swift */; };
		A1C3CC0B29B9610F000DE804 /* BackgroundView.swift in Sources */ = {isa = PBXBuildFile; fileRef = A1C3CC0A29B9610F000DE804 /* BackgroundView.swift */; };
		A1ECC30229CB3CF200D6501A /* PointsView.swift in Sources */ = {isa = PBXBuildFile; fileRef = A1ECC30129CB3CF200D6501A /* PointsView.swift */; };
		A1ECC30429CB84DA00D6501A /* Constants.swift in Sources */ = {isa = PBXBuildFile; fileRef = A1ECC30329CB84DA00D6501A /* Constants.swift */; };
/* End PBXBuildFile section */

/* Begin PBXContainerItemProxy section */
		A1C3CC0129B58A8F000DE804 /* PBXContainerItemProxy */ = {
			isa = PBXContainerItemProxy;
			containerPortal = A1C3CBDB29B423AD000DE804 /* Project object */;
			proxyType = 1;
			remoteGlobalIDString = A1C3CBE229B423AD000DE804;
			remoteInfo = Bullseye;
		};
/* End PBXContainerItemProxy section */

/* Begin PBXFileReference section */
		A1C3CBE329B423AD000DE804 /* Bullseye.app */ = {isa = PBXFileReference; explicitFileType = wrapper.application; includeInIndex = 0; path = Bullseye.app; sourceTree = BUILT_PRODUCTS_DIR; };
		A1C3CBE629B423AD000DE804 /* BullseyeApp.swift */ = {isa = PBXFileReference; lastKnownFileType = sourcecode.swift; path = BullseyeApp.swift; sourceTree = "<group>"; };
		A1C3CBE829B423AD000DE804 /* ContentView.swift */ = {isa = PBXFileReference; lastKnownFileType = sourcecode.swift; path = ContentView.swift; sourceTree = "<group>"; };
		A1C3CBEA29B423AE000DE804 /* Assets.xcassets */ = {isa = PBXFileReference; lastKnownFileType = folder.assetcatalog; path = Assets.xcassets; sourceTree = "<group>"; };
		A1C3CBED29B423AE000DE804 /* Preview Assets.xcassets */ = {isa = PBXFileReference; lastKnownFileType = folder.assetcatalog; path = "Preview Assets.xcassets"; sourceTree = "<group>"; };
		A1C3CBF729B55E7A000DE804 /* Game.swift */ = {isa = PBXFileReference; lastKnownFileType = sourcecode.swift; path = Game.swift; sourceTree = "<group>"; };
		A1C3CBFD29B58A8F000DE804 /* BullseyeTests.xctest */ = {isa = PBXFileReference; explicitFileType = wrapper.cfbundle; includeInIndex = 0; path = BullseyeTests.xctest; sourceTree = BUILT_PRODUCTS_DIR; };
		A1C3CBFF29B58A8F000DE804 /* BullseyeTests.swift */ = {isa = PBXFileReference; lastKnownFileType = sourcecode.swift; path = BullseyeTests.swift; sourceTree = "<group>"; };
		A1C3CC0629B6CDE7000DE804 /* TextViews.swift */ = {isa = PBXFileReference; lastKnownFileType = sourcecode.swift; path = TextViews.swift; sourceTree = "<group>"; };
		A1C3CC0829B6E284000DE804 /* RoundedViews.swift */ = {isa = PBXFileReference; lastKnownFileType = sourcecode.swift; path = RoundedViews.swift; sourceTree = "<group>"; };
		A1C3CC0A29B9610F000DE804 /* BackgroundView.swift */ = {isa = PBXFileReference; lastKnownFileType = sourcecode.swift; path = BackgroundView.swift; sourceTree = "<group>"; };
		A1ECC30129CB3CF200D6501A /* PointsView.swift */ = {isa = PBXFileReference; lastKnownFileType = sourcecode.swift; path = PointsView.swift; sourceTree = "<group>"; };
		A1ECC30329CB84DA00D6501A /* Constants.swift */ = {isa = PBXFileReference; lastKnownFileType = sourcecode.swift; path = Constants.swift; sourceTree = "<group>"; };
/* End PBXFileReference section */

/* Begin PBXFrameworksBuildPhase section */
		A1C3CBE029B423AD000DE804 /* Frameworks */ = {
			isa = PBXFrameworksBuildPhase;
			buildActionMask = 2147483647;
			files = (
			);
			runOnlyForDeploymentPostprocessing = 0;
		};
		A1C3CBFA29B58A8F000DE804 /* Frameworks */ = {
			isa = PBXFrameworksBuildPhase;
			buildActionMask = 2147483647;
			files = (
			);
			runOnlyForDeploymentPostprocessing = 0;
		};
/* End PBXFrameworksBuildPhase section */

/* Begin PBXGroup section */
		A1C3CBDA29B423AD000DE804 = {
			isa = PBXGroup;
			children = (
				A1C3CBE529B423AD000DE804 /* Bullseye */,
				A1C3CBFE29B58A8F000DE804 /* BullseyeTests */,
				A1C3CBE429B423AD000DE804 /* Products */,
			);
			sourceTree = "<group>";
		};
		A1C3CBE429B423AD000DE804 /* Products */ = {
			isa = PBXGroup;
			children = (
				A1C3CBE329B423AD000DE804 /* Bullseye.app */,
				A1C3CBFD29B58A8F000DE804 /* BullseyeTests.xctest */,
			);
			name = Products;
			sourceTree = "<group>";
		};
		A1C3CBE529B423AD000DE804 /* Bullseye */ = {
			isa = PBXGroup;
			children = (
				A1C3CBF629B55E00000DE804 /* App */,
				A1C3CBF529B55DEA000DE804 /* Views */,
				A1C3CBF429B55DDB000DE804 /* Models */,
				A1C3CBEC29B423AE000DE804 /* Preview Content */,
			);
			path = Bullseye;
			sourceTree = "<group>";
		};
		A1C3CBEC29B423AE000DE804 /* Preview Content */ = {
			isa = PBXGroup;
			children = (
				A1C3CBED29B423AE000DE804 /* Preview Assets.xcassets */,
			);
			path = "Preview Content";
			sourceTree = "<group>";
		};
		A1C3CBF429B55DDB000DE804 /* Models */ = {
			isa = PBXGroup;
			children = (
				A1C3CBF729B55E7A000DE804 /* Game.swift */,
				A1ECC30329CB84DA00D6501A /* Constants.swift */,
			);
			path = Models;
			sourceTree = "<group>";
		};
		A1C3CBF529B55DEA000DE804 /* Views */ = {
			isa = PBXGroup;
			children = (
				A1C3CBE829B423AD000DE804 /* ContentView.swift */,
				A1C3CC0629B6CDE7000DE804 /* TextViews.swift */,
				A1C3CC0829B6E284000DE804 /* RoundedViews.swift */,
				A1C3CC0A29B9610F000DE804 /* BackgroundView.swift */,
				A1ECC30129CB3CF200D6501A /* PointsView.swift */,
			);
			path = Views;
			sourceTree = "<group>";
		};
		A1C3CBF629B55E00000DE804 /* App */ = {
			isa = PBXGroup;
			children = (
				A1C3CBE629B423AD000DE804 /* BullseyeApp.swift */,
				A1C3CBEA29B423AE000DE804 /* Assets.xcassets */,
			);
			path = App;
			sourceTree = "<group>";
		};
		A1C3CBFE29B58A8F000DE804 /* BullseyeTests */ = {
			isa = PBXGroup;
			children = (
				A1C3CBFF29B58A8F000DE804 /* BullseyeTests.swift */,
			);
			path = BullseyeTests;
			sourceTree = "<group>";
		};
/* End PBXGroup section */

/* Begin PBXNativeTarget section */
		A1C3CBE229B423AD000DE804 /* Bullseye */ = {
			isa = PBXNativeTarget;
			buildConfigurationList = A1C3CBF129B423AE000DE804 /* Build configuration list for PBXNativeTarget "Bullseye" */;
			buildPhases = (
				A1C3CBDF29B423AD000DE804 /* Sources */,
				A1C3CBE029B423AD000DE804 /* Frameworks */,
				A1C3CBE129B423AD000DE804 /* Resources */,
			);
			buildRules = (
			);
			dependencies = (
			);
			name = Bullseye;
			productName = Bullseye;
			productReference = A1C3CBE329B423AD000DE804 /* Bullseye.app */;
			productType = "com.apple.product-type.application";
		};
		A1C3CBFC29B58A8F000DE804 /* BullseyeTests */ = {
			isa = PBXNativeTarget;
			buildConfigurationList = A1C3CC0329B58A8F000DE804 /* Build configuration list for PBXNativeTarget "BullseyeTests" */;
			buildPhases = (
				A1C3CBF929B58A8F000DE804 /* Sources */,
				A1C3CBFA29B58A8F000DE804 /* Frameworks */,
				A1C3CBFB29B58A8F000DE804 /* Resources */,
			);
			buildRules = (
			);
			dependencies = (
				A1C3CC0229B58A8F000DE804 /* PBXTargetDependency */,
			);
			name = BullseyeTests;
			productName = BullseyeTests;
			productReference = A1C3CBFD29B58A8F000DE804 /* BullseyeTests.xctest */;
			productType = "com.apple.product-type.bundle.unit-test";
		};
/* End PBXNativeTarget section */

/* Begin PBXProject section */
		A1C3CBDB29B423AD000DE804 /* Project object */ = {
			isa = PBXProject;
			attributes = {
				BuildIndependentTargetsInParallel = 1;
				LastSwiftUpdateCheck = 1420;
				LastUpgradeCheck = 1420;
				TargetAttributes = {
					A1C3CBE229B423AD000DE804 = {
						CreatedOnToolsVersion = 14.2;
					};
					A1C3CBFC29B58A8F000DE804 = {
						CreatedOnToolsVersion = 14.2;
						TestTargetID = A1C3CBE229B423AD000DE804;
					};
				};
			};
			buildConfigurationList = A1C3CBDE29B423AD000DE804 /* Build configuration list for PBXProject "Bullseye" */;
			compatibilityVersion = "Xcode 14.0";
			developmentRegion = en;
			hasScannedForEncodings = 0;
			knownRegions = (
				en,
				Base,
			);
			mainGroup = A1C3CBDA29B423AD000DE804;
			productRefGroup = A1C3CBE429B423AD000DE804 /* Products */;
			projectDirPath = "";
			projectRoot = "";
			targets = (
				A1C3CBE229B423AD000DE804 /* Bullseye */,
				A1C3CBFC29B58A8F000DE804 /* BullseyeTests */,
			);
		};
/* End PBXProject section */

/* Begin PBXResourcesBuildPhase section */
		A1C3CBE129B423AD000DE804 /* Resources */ = {
			isa = PBXResourcesBuildPhase;
			buildActionMask = 2147483647;
			files = (
				A1C3CBEE29B423AE000DE804 /* Preview Assets.xcassets in Resources */,
				A1C3CBEB29B423AE000DE804 /* Assets.xcassets in Resources */,
			);
			runOnlyForDeploymentPostprocessing = 0;
		};
		A1C3CBFB29B58A8F000DE804 /* Resources */ = {
			isa = PBXResourcesBuildPhase;
			buildActionMask = 2147483647;
			files = (
			);
			runOnlyForDeploymentPostprocessing = 0;
		};
/* End PBXResourcesBuildPhase section */

/* Begin PBXSourcesBuildPhase section */
		A1C3CBDF29B423AD000DE804 /* Sources */ = {
			isa = PBXSourcesBuildPhase;
			buildActionMask = 2147483647;
			files = (
				A1C3CC0B29B9610F000DE804 /* BackgroundView.swift in Sources */,
				A1C3CBE929B423AD000DE804 /* ContentView.swift in Sources */,
				A1C3CC0729B6CDE7000DE804 /* TextViews.swift in Sources */,
				A1C3CC0929B6E284000DE804 /* RoundedViews.swift in Sources */,
				A1ECC30229CB3CF200D6501A /* PointsView.swift in Sources */,
				A1C3CBF829B55E7A000DE804 /* Game.swift in Sources */,
				A1C3CBE729B423AD000DE804 /* BullseyeApp.swift in Sources */,
				A1ECC30429CB84DA00D6501A /* Constants.swift in Sources */,
			);
			runOnlyForDeploymentPostprocessing = 0;
		};
		A1C3CBF929B58A8F000DE804 /* Sources */ = {
			isa = PBXSourcesBuildPhase;
			buildActionMask = 2147483647;
			files = (
				A1C3CC0029B58A8F000DE804 /* BullseyeTests.swift in Sources */,
			);
			runOnlyForDeploymentPostprocessing = 0;
		};
/* End PBXSourcesBuildPhase section */

/* Begin PBXTargetDependency section */
		A1C3CC0229B58A8F000DE804 /* PBXTargetDependency */ = {
			isa = PBXTargetDependency;
			target = A1C3CBE229B423AD000DE804 /* Bullseye */;
			targetProxy = A1C3CC0129B58A8F000DE804 /* PBXContainerItemProxy */;
		};
/* End PBXTargetDependency section */

/* Begin XCBuildConfiguration section */
		A1C3CBEF29B423AE000DE804 /* Debug */ = {
			isa = XCBuildConfiguration;
			buildSettings = {
				ALWAYS_SEARCH_USER_PATHS = NO;
				CLANG_ANALYZER_NONNULL = YES;
				CLANG_ANALYZER_NUMBER_OBJECT_CONVERSION = YES_AGGRESSIVE;
				CLANG_CXX_LANGUAGE_STANDARD = "gnu++20";
				CLANG_ENABLE_MODULES = YES;
				CLANG_ENABLE_OBJC_ARC = YES;
				CLANG_ENABLE_OBJC_WEAK = YES;
				CLANG_WARN_BLOCK_CAPTURE_AUTORELEASING = YES;
				CLANG_WARN_BOOL_CONVERSION = YES;
				CLANG_WARN_COMMA = YES;
				CLANG_WARN_CONSTANT_CONVERSION = YES;
				CLANG_WARN_DEPRECATED_OBJC_IMPLEMENTATIONS = YES;
				CLANG_WARN_DIRECT_OBJC_ISA_USAGE = YES_ERROR;
				CLANG_WARN_DOCUMENTATION_COMMENTS = YES;
				CLANG_WARN_EMPTY_BODY = YES;
				CLANG_WARN_ENUM_CONVERSION = YES;
				CLANG_WARN_INFINITE_RECURSION = YES;
				CLANG_WARN_INT_CONVERSION = YES;
				CLANG_WARN_NON_LITERAL_NULL_CONVERSION = YES;
				CLANG_WARN_OBJC_IMPLICIT_RETAIN_SELF = YES;
				CLANG_WARN_OBJC_LITERAL_CONVERSION = YES;
				CLANG_WARN_OBJC_ROOT_CLASS = YES_ERROR;
				CLANG_WARN_QUOTED_INCLUDE_IN_FRAMEWORK_HEADER = YES;
				CLANG_WARN_RANGE_LOOP_ANALYSIS = YES;
				CLANG_WARN_STRICT_PROTOTYPES = YES;
				CLANG_WARN_SUSPICIOUS_MOVE = YES;
				CLANG_WARN_UNGUARDED_AVAILABILITY = YES_AGGRESSIVE;
				CLANG_WARN_UNREACHABLE_CODE = YES;
				CLANG_WARN__DUPLICATE_METHOD_MATCH = YES;
				COPY_PHASE_STRIP = NO;
				DEBUG_INFORMATION_FORMAT = dwarf;
				ENABLE_STRICT_OBJC_MSGSEND = YES;
				ENABLE_TESTABILITY = YES;
				GCC_C_LANGUAGE_STANDARD = gnu11;
				GCC_DYNAMIC_NO_PIC = NO;
				GCC_NO_COMMON_BLOCKS = YES;
				GCC_OPTIMIZATION_LEVEL = 0;
				GCC_PREPROCESSOR_DEFINITIONS = (
					"DEBUG=1",
					"$(inherited)",
				);
				GCC_WARN_64_TO_32_BIT_CONVERSION = YES;
				GCC_WARN_ABOUT_RETURN_TYPE = YES_ERROR;
				GCC_WARN_UNDECLARED_SELECTOR = YES;
				GCC_WARN_UNINITIALIZED_AUTOS = YES_AGGRESSIVE;
				GCC_WARN_UNUSED_FUNCTION = YES;
				GCC_WARN_UNUSED_VARIABLE = YES;
				IPHONEOS_DEPLOYMENT_TARGET = 16.2;
				MTL_ENABLE_DEBUG_INFO = INCLUDE_SOURCE;
				MTL_FAST_MATH = YES;
				ONLY_ACTIVE_ARCH = YES;
				SDKROOT = iphoneos;
				SWIFT_ACTIVE_COMPILATION_CONDITIONS = DEBUG;
				SWIFT_OPTIMIZATION_LEVEL = "-Onone";
			};
			name = Debug;
		};
		A1C3CBF029B423AE000DE804 /* Release */ = {
			isa = XCBuildConfiguration;
			buildSettings = {
				ALWAYS_SEARCH_USER_PATHS = NO;
				CLANG_ANALYZER_NONNULL = YES;
				CLANG_ANALYZER_NUMBER_OBJECT_CONVERSION = YES_AGGRESSIVE;
				CLANG_CXX_LANGUAGE_STANDARD = "gnu++20";
				CLANG_ENABLE_MODULES = YES;
				CLANG_ENABLE_OBJC_ARC = YES;
				CLANG_ENABLE_OBJC_WEAK = YES;
				CLANG_WARN_BLOCK_CAPTURE_AUTORELEASING = YES;
				CLANG_WARN_BOOL_CONVERSION = YES;
				CLANG_WARN_COMMA = YES;
				CLANG_WARN_CONSTANT_CONVERSION = YES;
				CLANG_WARN_DEPRECATED_OBJC_IMPLEMENTATIONS = YES;
				CLANG_WARN_DIRECT_OBJC_ISA_USAGE = YES_ERROR;
				CLANG_WARN_DOCUMENTATION_COMMENTS = YES;
				CLANG_WARN_EMPTY_BODY = YES;
				CLANG_WARN_ENUM_CONVERSION = YES;
				CLANG_WARN_INFINITE_RECURSION = YES;
				CLANG_WARN_INT_CONVERSION = YES;
				CLANG_WARN_NON_LITERAL_NULL_CONVERSION = YES;
				CLANG_WARN_OBJC_IMPLICIT_RETAIN_SELF = YES;
				CLANG_WARN_OBJC_LITERAL_CONVERSION = YES;
				CLANG_WARN_OBJC_ROOT_CLASS = YES_ERROR;
				CLANG_WARN_QUOTED_INCLUDE_IN_FRAMEWORK_HEADER = YES;
				CLANG_WARN_RANGE_LOOP_ANALYSIS = YES;
				CLANG_WARN_STRICT_PROTOTYPES = YES;
				CLANG_WARN_SUSPICIOUS_MOVE = YES;
				CLANG_WARN_UNGUARDED_AVAILABILITY = YES_AGGRESSIVE;
				CLANG_WARN_UNREACHABLE_CODE = YES;
				CLANG_WARN__DUPLICATE_METHOD_MATCH = YES;
				COPY_PHASE_STRIP = NO;
				DEBUG_INFORMATION_FORMAT = "dwarf-with-dsym";
				ENABLE_NS_ASSERTIONS = NO;
				ENABLE_STRICT_OBJC_MSGSEND = YES;
				GCC_C_LANGUAGE_STANDARD = gnu11;
				GCC_NO_COMMON_BLOCKS = YES;
				GCC_WARN_64_TO_32_BIT_CONVERSION = YES;
				GCC_WARN_ABOUT_RETURN_TYPE = YES_ERROR;
				GCC_WARN_UNDECLARED_SELECTOR = YES;
				GCC_WARN_UNINITIALIZED_AUTOS = YES_AGGRESSIVE;
				GCC_WARN_UNUSED_FUNCTION = YES;
				GCC_WARN_UNUSED_VARIABLE = YES;
				IPHONEOS_DEPLOYMENT_TARGET = 16.2;
				MTL_ENABLE_DEBUG_INFO = NO;
				MTL_FAST_MATH = YES;
				SDKROOT = iphoneos;
				SWIFT_COMPILATION_MODE = wholemodule;
				SWIFT_OPTIMIZATION_LEVEL = "-O";
				VALIDATE_PRODUCT = YES;
			};
			name = Release;
		};
		A1C3CBF229B423AE000DE804 /* Debug */ = {
			isa = XCBuildConfiguration;
			buildSettings = {
				ASSETCATALOG_COMPILER_APPICON_NAME = AppIcon;
				ASSETCATALOG_COMPILER_GLOBAL_ACCENT_COLOR_NAME = AccentColor;
				CODE_SIGN_STYLE = Automatic;
				CURRENT_PROJECT_VERSION = 1;
				DEVELOPMENT_ASSET_PATHS = "\"Bullseye/Preview Content\"";
				ENABLE_PREVIEWS = YES;
				GENERATE_INFOPLIST_FILE = YES;
				INFOPLIST_KEY_UIApplicationSceneManifest_Generation = YES;
				INFOPLIST_KEY_UIApplicationSupportsIndirectInputEvents = YES;
				INFOPLIST_KEY_UILaunchScreen_Generation = YES;
				INFOPLIST_KEY_UISupportedInterfaceOrientations_iPad = "UIInterfaceOrientationPortrait UIInterfaceOrientationPortraitUpsideDown UIInterfaceOrientationLandscapeLeft UIInterfaceOrientationLandscapeRight";
				INFOPLIST_KEY_UISupportedInterfaceOrientations_iPhone = "UIInterfaceOrientationPortrait UIInterfaceOrientationLandscapeLeft UIInterfaceOrientationLandscapeRight";
				LD_RUNPATH_SEARCH_PATHS = (
					"$(inherited)",
					"@executable_path/Frameworks",
				);
				MARKETING_VERSION = 1.0;
				PRODUCT_BUNDLE_IDENTIFIER = com.melc.Bullseye;
				PRODUCT_NAME = "$(TARGET_NAME)";
				SWIFT_EMIT_LOC_STRINGS = YES;
				SWIFT_VERSION = 5.0;
				TARGETED_DEVICE_FAMILY = "1,2";
			};
			name = Debug;
		};
		A1C3CBF329B423AE000DE804 /* Release */ = {
			isa = XCBuildConfiguration;
			buildSettings = {
				ASSETCATALOG_COMPILER_APPICON_NAME = AppIcon;
				ASSETCATALOG_COMPILER_GLOBAL_ACCENT_COLOR_NAME = AccentColor;
				CODE_SIGN_STYLE = Automatic;
				CURRENT_PROJECT_VERSION = 1;
				DEVELOPMENT_ASSET_PATHS = "\"Bullseye/Preview Content\"";
				ENABLE_PREVIEWS = YES;
				GENERATE_INFOPLIST_FILE = YES;
				INFOPLIST_KEY_UIApplicationSceneManifest_Generation = YES;
				INFOPLIST_KEY_UIApplicationSupportsIndirectInputEvents = YES;
				INFOPLIST_KEY_UILaunchScreen_Generation = YES;
				INFOPLIST_KEY_UISupportedInterfaceOrientations_iPad = "UIInterfaceOrientationPortrait UIInterfaceOrientationPortraitUpsideDown UIInterfaceOrientationLandscapeLeft UIInterfaceOrientationLandscapeRight";
				INFOPLIST_KEY_UISupportedInterfaceOrientations_iPhone = "UIInterfaceOrientationPortrait UIInterfaceOrientationLandscapeLeft UIInterfaceOrientationLandscapeRight";
				LD_RUNPATH_SEARCH_PATHS = (
					"$(inherited)",
					"@executable_path/Frameworks",
				);
				MARKETING_VERSION = 1.0;
				PRODUCT_BUNDLE_IDENTIFIER = com.melc.Bullseye;
				PRODUCT_NAME = "$(TARGET_NAME)";
				SWIFT_EMIT_LOC_STRINGS = YES;
				SWIFT_VERSION = 5.0;
				TARGETED_DEVICE_FAMILY = "1,2";
			};
			name = Release;
		};
		A1C3CC0429B58A8F000DE804 /* Debug */ = {
			isa = XCBuildConfiguration;
			buildSettings = {
				BUNDLE_LOADER = "$(TEST_HOST)";
				CODE_SIGN_STYLE = Automatic;
				CURRENT_PROJECT_VERSION = 1;
				GENERATE_INFOPLIST_FILE = YES;
				IPHONEOS_DEPLOYMENT_TARGET = 16.2;
				MACOSX_DEPLOYMENT_TARGET = 13.0;
				MARKETING_VERSION = 1.0;
				PRODUCT_BUNDLE_IDENTIFIER = com.melc.BullseyeTests;
				PRODUCT_NAME = "$(TARGET_NAME)";
				SDKROOT = auto;
				SUPPORTED_PLATFORMS = "iphoneos iphonesimulator macosx";
				SWIFT_EMIT_LOC_STRINGS = NO;
				SWIFT_VERSION = 5.0;
				TARGETED_DEVICE_FAMILY = "1,2";
				TEST_HOST = "$(BUILT_PRODUCTS_DIR)/Bullseye.app/$(BUNDLE_EXECUTABLE_FOLDER_PATH)/Bullseye";
			};
			name = Debug;
		};
		A1C3CC0529B58A8F000DE804 /* Release */ = {
			isa = XCBuildConfiguration;
			buildSettings = {
				BUNDLE_LOADER = "$(TEST_HOST)";
				CODE_SIGN_STYLE = Automatic;
				CURRENT_PROJECT_VERSION = 1;
				GENERATE_INFOPLIST_FILE = YES;
				IPHONEOS_DEPLOYMENT_TARGET = 16.2;
				MACOSX_DEPLOYMENT_TARGET = 13.0;
				MARKETING_VERSION = 1.0;
				PRODUCT_BUNDLE_IDENTIFIER = com.melc.BullseyeTests;
				PRODUCT_NAME = "$(TARGET_NAME)";
				SDKROOT = auto;
				SUPPORTED_PLATFORMS = "iphoneos iphonesimulator macosx";
				SWIFT_EMIT_LOC_STRINGS = NO;
				SWIFT_VERSION = 5.0;
				TARGETED_DEVICE_FAMILY = "1,2";
				TEST_HOST = "$(BUILT_PRODUCTS_DIR)/Bullseye.app/$(BUNDLE_EXECUTABLE_FOLDER_PATH)/Bullseye";
			};
			name = Release;
		};
/* End XCBuildConfiguration section */

/* Begin XCConfigurationList section */
		A1C3CBDE29B423AD000DE804 /* Build configuration list for PBXProject "Bullseye" */ = {
			isa = XCConfigurationList;
			buildConfigurations = (
				A1C3CBEF29B423AE000DE804 /* Debug */,
				A1C3CBF029B423AE000DE804 /* Release */,
			);
			defaultConfigurationIsVisible = 0;
			defaultConfigurationName = Release;
		};
		A1C3CBF129B423AE000DE804 /* Build configuration list for PBXNativeTarget "Bullseye" */ = {
			isa = XCConfigurationList;
			buildConfigurations = (
				A1C3CBF229B423AE000DE804 /* Debug */,
				A1C3CBF329B423AE000DE804 /* Release */,
			);
			defaultConfigurationIsVisible = 0;
			defaultConfigurationName = Release;
		};
		A1C3CC0329B58A8F000DE804 /* Build configuration list for PBXNativeTarget "BullseyeTests" */ = {
			isa = XCConfigurationList;
			buildConfigurations = (
				A1C3CC0429B58A8F000DE804 /* Debug */,
				A1C3CC0529B58A8F000DE804 /* Release */,
			);
			defaultConfigurationIsVisible = 0;
			defaultConfigurationName = Release;
		};
/* End XCConfigurationList section */
	};
	rootObject = A1C3CBDB29B423AD000DE804 /* Project object */;
}
